Microsoft Visual Studio Solution File, Format Version 12.00
# Visual Studio Version 17
VisualStudioVersion = 17.5.2.0
MinimumVisualStudioVersion = 10.0.40219.1
Project("{FAE04EC0-301F-11D3-BF4B-00C04F79EFBC}") = "ExpenseService", "ExpenseService\ExpenseService.csproj", "{9F2B4039-ED58-2470-8A20-B01CB2E5D53A}"
EndProject
Project("{FAE04EC0-301F-11D3-BF4B-00C04F79EFBC}") = "AuthService", "AuthService\AuthService.csproj", "{6CDAB7B3-DE4F-6FF5-06F0-D824F083F1AF}"
EndProject
Project("{FAE04EC0-301F-11D3-BF4B-00C04F79EFBC}") = "SavingsGoalService", "SavingsGoalService\SavingsGoalService.csproj", "{AC5B2D5A-4941-1BB4-3B3E-E1B506656A23}"
EndProject
Project("{FAE04EC0-301F-11D3-BF4B-00C04F79EFBC}") = "CategoryService", "CategoryService\CategoryService.csproj", "{89A075A6-AB8B-5CCC-10A3-9B458C4FF26C}"
EndProject
Project("{FAE04EC0-301F-11D3-BF4B-00C04F79EFBC}") = "BudgetService", "BudgetService\BudgetService.csproj", "{484FBF23-C57C-D63A-0688-9C9EEC6696D2}"
EndProject
Global
	GlobalSection(SolutionConfigurationPlatforms) = preSolution
		Debug|Any CPU = Debug|Any CPU
		Release|Any CPU = Release|Any CPU
	EndGlobalSection
	GlobalSection(ProjectConfigurationPlatforms) = postSolution
		{9F2B4039-ED58-2470-8A20-B01CB2E5D53A}.Debug|Any CPU.ActiveCfg = Debug|Any CPU
		{9F2B4039-ED58-2470-8A20-B01CB2E5D53A}.Debug|Any CPU.Build.0 = Debug|Any CPU
		{9F2B4039-ED58-2470-8A20-B01CB2E5D53A}.Release|Any CPU.ActiveCfg = Release|Any CPU
		{9F2B4039-ED58-2470-8A20-B01CB2E5D53A}.Release|Any CPU.Build.0 = Release|Any CPU
		{6CDAB7B3-DE4F-6FF5-06F0-D824F083F1AF}.Debug|Any CPU.ActiveCfg = Debug|Any CPU
		{6CDAB7B3-DE4F-6FF5-06F0-D824F083F1AF}.Debug|Any CPU.Build.0 = Debug|Any CPU
		{6CDAB7B3-DE4F-6FF5-06F0-D824F083F1AF}.Release|Any CPU.ActiveCfg = Release|Any CPU
		{6CDAB7B3-DE4F-6FF5-06F0-D824F083F1AF}.Release|Any CPU.Build.0 = Release|Any CPU
		{AC5B2D5A-4941-1BB4-3B3E-E1B506656A23}.Debug|Any CPU.ActiveCfg = Debug|Any CPU
		{AC5B2D5A-4941-1BB4-3B3E-E1B506656A23}.Debug|Any CPU.Build.0 = Debug|Any CPU
		{AC5B2D5A-4941-1BB4-3B3E-E1B506656A23}.Release|Any CPU.ActiveCfg = Release|Any CPU
		{AC5B2D5A-4941-1BB4-3B3E-E1B506656A23}.Release|Any CPU.Build.0 = Release|Any CPU
		{89A075A6-AB8B-5CCC-10A3-9B458C4FF26C}.Debug|Any CPU.ActiveCfg = Debug|Any CPU
		{89A075A6-AB8B-5CCC-10A3-9B458C4FF26C}.Debug|Any CPU.Build.0 = Debug|Any CPU
		{89A075A6-AB8B-5CCC-10A3-9B458C4FF26C}.Release|Any CPU.ActiveCfg = Release|Any CPU
		{89A075A6-AB8B-5CCC-10A3-9B458C4FF26C}.Release|Any CPU.Build.0 = Release|Any CPU
		{484FBF23-C57C-D63A-0688-9C9EEC6696D2}.Debug|Any CPU.ActiveCfg = Debug|Any CPU
		{484FBF23-C57C-D63A-0688-9C9EEC6696D2}.Debug|Any CPU.Build.0 = Debug|Any CPU
		{484FBF23-C57C-D63A-0688-9C9EEC6696D2}.Release|Any CPU.ActiveCfg = Release|Any CPU
		{484FBF23-C57C-D63A-0688-9C9EEC6696D2}.Release|Any CPU.Build.0 = Release|Any CPU
	EndGlobalSection
	GlobalSection(SolutionProperties) = preSolution
		HideSolutionNode = FALSE
	EndGlobalSection
	GlobalSection(ExtensibilityGlobals) = postSolution
		SolutionGuid = {6CB1D4F4-B2E6-4EA5-A73E-C04CFD7CF48B}
	EndGlobalSection
EndGlobal
